// !$*UTF8*$!
{
	archiveVersion = 1;
	classes = {
	};
	objectVersion = 52;
	objects = {

/* Begin PBXBuildFile section */
		1B71BA122767BE490056A2FF /* AppDelegate.swift in Sources */ = {isa = PBXBuildFile; fileRef = 1B71BA112767BE490056A2FF /* AppDelegate.swift */; };
		1B71BA142767BE490056A2FF /* SceneDelegate.swift in Sources */ = {isa = PBXBuildFile; fileRef = 1B71BA132767BE490056A2FF /* SceneDelegate.swift */; };
		1B71BA162767BE490056A2FF /* LoginViewController.swift in Sources */ = {isa = PBXBuildFile; fileRef = 1B71BA152767BE490056A2FF /* LoginViewController.swift */; };
		1B71BA1B2767BE4A0056A2FF /* Assets.xcassets in Resources */ = {isa = PBXBuildFile; fileRef = 1B71BA1A2767BE4A0056A2FF /* Assets.xcassets */; };
		1B71BA1E2767BE4A0056A2FF /* LaunchScreen.storyboard in Resources */ = {isa = PBXBuildFile; fileRef = 1B71BA1C2767BE4A0056A2FF /* LaunchScreen.storyboard */; };
		1B71BA352768F5680056A2FF /* LoginPresenter.swift in Sources */ = {isa = PBXBuildFile; fileRef = 1B71BA342768F5680056A2FF /* LoginPresenter.swift */; };
		1B71BA3B276908560056A2FF /* LoginAssembly.swift in Sources */ = {isa = PBXBuildFile; fileRef = 1B71BA3A276908560056A2FF /* LoginAssembly.swift */; };
		1B71BA5A27691EF70056A2FF /* SignUpViewController.swift in Sources */ = {isa = PBXBuildFile; fileRef = 1B71BA5927691EF70056A2FF /* SignUpViewController.swift */; };
		1B71BA6327699B290056A2FF /* SignUpPresenter.swift in Sources */ = {isa = PBXBuildFile; fileRef = 1B71BA6227699B290056A2FF /* SignUpPresenter.swift */; };
		1B71BA6727699FD50056A2FF /* SignUpAssembly.swift in Sources */ = {isa = PBXBuildFile; fileRef = 1B71BA6627699FD50056A2FF /* SignUpAssembly.swift */; };
		1B7C4731276B42D100BFD277 /* AppCoordinator.swift in Sources */ = {isa = PBXBuildFile; fileRef = 1B7C4730276B42D100BFD277 /* AppCoordinator.swift */; };
		1B7C4736276B42E700BFD277 /* Coordinator.swift in Sources */ = {isa = PBXBuildFile; fileRef = 1B7C4735276B42E700BFD277 /* Coordinator.swift */; };
		1B7C473C276B574100BFD277 /* BaseCoordinator.swift in Sources */ = {isa = PBXBuildFile; fileRef = 1B7C473B276B574100BFD277 /* BaseCoordinator.swift */; };
		1B7C4740276B58B600BFD277 /* Presentable.swift in Sources */ = {isa = PBXBuildFile; fileRef = 1B7C473F276B58B600BFD277 /* Presentable.swift */; };
		1B7C4743276B58EA00BFD277 /* Router.swift in Sources */ = {isa = PBXBuildFile; fileRef = 1B7C4742276B58EA00BFD277 /* Router.swift */; };
		1B7C4751276B5FC200BFD277 /* AuthCoordinatorOutput.swift in Sources */ = {isa = PBXBuildFile; fileRef = 1B7C4750276B5FC200BFD277 /* AuthCoordinatorOutput.swift */; };
		1B7C4767276B8B4600BFD277 /* AuthCoordinator.swift in Sources */ = {isa = PBXBuildFile; fileRef = 1B7C4766276B8B4600BFD277 /* AuthCoordinator.swift */; };
		1B7C4772276B8D2200BFD277 /* Constants.swift in Sources */ = {isa = PBXBuildFile; fileRef = 1B7C4771276B8D2200BFD277 /* Constants.swift */; };
		1B7C4778276C42C600BFD277 /* CoordinatorFactory.swift in Sources */ = {isa = PBXBuildFile; fileRef = 1B7C4777276C42C600BFD277 /* CoordinatorFactory.swift */; };
		1B7C4783276C463B00BFD277 /* AuthModuleFactory.swift in Sources */ = {isa = PBXBuildFile; fileRef = 1B7C4782276C463B00BFD277 /* AuthModuleFactory.swift */; };
		1B7C4786276C599600BFD277 /* ModulesFactory.swift in Sources */ = {isa = PBXBuildFile; fileRef = 1B7C4785276C599600BFD277 /* ModulesFactory.swift */; };
		1B7C478C276C63D500BFD277 /* LoginContract.swift in Sources */ = {isa = PBXBuildFile; fileRef = 1B7C478B276C63D500BFD277 /* LoginContract.swift */; };
		1B7C4792276C663C00BFD277 /* CoordinatorFactoryImp.swift in Sources */ = {isa = PBXBuildFile; fileRef = 1B7C4791276C663C00BFD277 /* CoordinatorFactoryImp.swift */; };
		1B7C4797276C6A2D00BFD277 /* RouterImp.swift in Sources */ = {isa = PBXBuildFile; fileRef = 1B7C4796276C6A2D00BFD277 /* RouterImp.swift */; };
		1B7C47A7276C8BD200BFD277 /* SignUpContract.swift in Sources */ = {isa = PBXBuildFile; fileRef = 1B7C47A6276C8BD200BFD277 /* SignUpContract.swift */; };
		1B9BC9F1276E4D530084931D /* MQFont.swift in Sources */ = {isa = PBXBuildFile; fileRef = 1B9BC9F0276E4D530084931D /* MQFont.swift */; };
		1B9BC9F5276E4FC90084931D /* UserProfileDetailViewController.swift in Sources */ = {isa = PBXBuildFile; fileRef = 1B9BC9F4276E4FC90084931D /* UserProfileDetailViewController.swift */; };
		1B9BC9F8276E4FD70084931D /* UserProfileViewController.swift in Sources */ = {isa = PBXBuildFile; fileRef = 1B9BC9F7276E4FD70084931D /* UserProfileViewController.swift */; };
		1B9BC9FC276E50260084931D /* HomeViewController.swift in Sources */ = {isa = PBXBuildFile; fileRef = 1B9BC9FB276E50260084931D /* HomeViewController.swift */; };
		1B9BCA00276E50590084931D /* HomeCollectionViewCell.swift in Sources */ = {isa = PBXBuildFile; fileRef = 1B9BC9FF276E50590084931D /* HomeCollectionViewCell.swift */; };
		1B9BCA05276E52A80084931D /* MQCircularProgressBar.swift in Sources */ = {isa = PBXBuildFile; fileRef = 1B9BCA04276E52A80084931D /* MQCircularProgressBar.swift */; };
		1B9BCA08276E52B70084931D /* ConfigCell.swift in Sources */ = {isa = PBXBuildFile; fileRef = 1B9BCA07276E52B70084931D /* ConfigCell.swift */; };
		1B9BCA0B276E53E20084931D /* HomeCollectionViewData.swift in Sources */ = {isa = PBXBuildFile; fileRef = 1B9BCA0A276E53E20084931D /* HomeCollectionViewData.swift */; };
		1B9BCA0E276E547F0084931D /* CollectionCellSize.swift in Sources */ = {isa = PBXBuildFile; fileRef = 1B9BCA0D276E547F0084931D /* CollectionCellSize.swift */; };
		1B9BCA1A276F068B0084931D /* MainCoordinatorOutput.swift in Sources */ = {isa = PBXBuildFile; fileRef = 1B9BCA19276F068B0084931D /* MainCoordinatorOutput.swift */; };
		1B9BCA1D276F06A50084931D /* MainCoordinator.swift in Sources */ = {isa = PBXBuildFile; fileRef = 1B9BCA1C276F06A50084931D /* MainCoordinator.swift */; };
		1B9BCA21276F08C20084931D /* MainModuleFactory.swift in Sources */ = {isa = PBXBuildFile; fileRef = 1B9BCA20276F08C20084931D /* MainModuleFactory.swift */; };
		1B9BCA26276F09A30084931D /* HomePresenter.swift in Sources */ = {isa = PBXBuildFile; fileRef = 1B9BCA25276F09A30084931D /* HomePresenter.swift */; };
		1B9BCA29276F09B00084931D /* HomeAssembly.swift in Sources */ = {isa = PBXBuildFile; fileRef = 1B9BCA28276F09B00084931D /* HomeAssembly.swift */; };
		1B9BCA2C276F09C50084931D /* HomeContract.swift in Sources */ = {isa = PBXBuildFile; fileRef = 1B9BCA2B276F09C50084931D /* HomeContract.swift */; };
		1B9BCA2F276F0F170084931D /* Activity.swift in Sources */ = {isa = PBXBuildFile; fileRef = 1B9BCA2E276F0F170084931D /* Activity.swift */; };
		1B9BCA3A2770518B0084931D /* MQPlainButton.swift in Sources */ = {isa = PBXBuildFile; fileRef = 1B9BCA392770518B0084931D /* MQPlainButton.swift */; };
		1B9BCA3D277053BA0084931D /* UserProfileContract.swift in Sources */ = {isa = PBXBuildFile; fileRef = 1B9BCA3C277053BA0084931D /* UserProfileContract.swift */; };
		1B9BCA40277053D00084931D /* UserProfileAssembly.swift in Sources */ = {isa = PBXBuildFile; fileRef = 1B9BCA3F277053D00084931D /* UserProfileAssembly.swift */; };
		1B9BCA43277054BF0084931D /* UserProfilePresenter.swift in Sources */ = {isa = PBXBuildFile; fileRef = 1B9BCA42277054BF0084931D /* UserProfilePresenter.swift */; };
		1B9BCA4D2770B6610084931D /* UserProfileDetailContract.swift in Sources */ = {isa = PBXBuildFile; fileRef = 1B9BCA4C2770B6600084931D /* UserProfileDetailContract.swift */; };
		1B9BCA502770B66E0084931D /* UserProfileDetailAssembly.swift in Sources */ = {isa = PBXBuildFile; fileRef = 1B9BCA4F2770B66E0084931D /* UserProfileDetailAssembly.swift */; };
		1B9BCA532770B6840084931D /* UserProfileDetailPresenter.swift in Sources */ = {isa = PBXBuildFile; fileRef = 1B9BCA522770B6840084931D /* UserProfileDetailPresenter.swift */; };
		1B9BCA582771DD800084931D /* LevelsContract.swift in Sources */ = {isa = PBXBuildFile; fileRef = 1B9BCA572771DD7F0084931D /* LevelsContract.swift */; };
		1B9BCA5B2771DD900084931D /* LevelsAssembly.swift in Sources */ = {isa = PBXBuildFile; fileRef = 1B9BCA5A2771DD900084931D /* LevelsAssembly.swift */; };
		1B9BCA5E2771DDA30084931D /* LevelsPresenter.swift in Sources */ = {isa = PBXBuildFile; fileRef = 1B9BCA5D2771DDA30084931D /* LevelsPresenter.swift */; };
		1B9BCA682774BE2E0084931D /* UIView+Extension.swift in Sources */ = {isa = PBXBuildFile; fileRef = 1B9BCA672774BE2E0084931D /* UIView+Extension.swift */; };
		1B9BCA6E2774C5430084931D /* UIViewController+Extension.swift in Sources */ = {isa = PBXBuildFile; fileRef = 1B9BCA6D2774C5430084931D /* UIViewController+Extension.swift */; };
		1B9BCA712774C6030084931D /* UserDefaultsStorage.swift in Sources */ = {isa = PBXBuildFile; fileRef = 1B9BCA702774C6030084931D /* UserDefaultsStorage.swift */; };
		1B9BCA7E2775912C0084931D /* FirebaseFirestore in Frameworks */ = {isa = PBXBuildFile; productRef = 1B9BCA7D2775912C0084931D /* FirebaseFirestore */; };
		1B9BCA80277591730084931D /* FirebaseFirestoreSwift-Beta in Frameworks */ = {isa = PBXBuildFile; productRef = 1B9BCA7F277591730084931D /* FirebaseFirestoreSwift-Beta */; };
		1B9BCA83277591E10084931D /* FirestoreManager.swift in Sources */ = {isa = PBXBuildFile; fileRef = 1B9BCA82277591E10084931D /* FirestoreManager.swift */; };
		1B9BCA872775A07E0084931D /* UserProfile.swift in Sources */ = {isa = PBXBuildFile; fileRef = 1B9BCA862775A07E0084931D /* UserProfile.swift */; };
		1B9BCA8A27764CA50084931D /* String+Extension.swift in Sources */ = {isa = PBXBuildFile; fileRef = 1B9BCA8927764CA40084931D /* String+Extension.swift */; };
		1B9BCA8D27764CB50084931D /* Date+Extension.swift in Sources */ = {isa = PBXBuildFile; fileRef = 1B9BCA8C27764CB50084931D /* Date+Extension.swift */; };
		1B9BCA9E27773CAB0084931D /* PasswordChangeContract.swift in Sources */ = {isa = PBXBuildFile; fileRef = 1B9BCA9D27773CAB0084931D /* PasswordChangeContract.swift */; };
		1B9BCAA127773CBD0084931D /* PasswordChangeAssembly.swift in Sources */ = {isa = PBXBuildFile; fileRef = 1B9BCAA027773CBD0084931D /* PasswordChangeAssembly.swift */; };
		1B9BCAA427773CCC0084931D /* PasswordChangePresenter.swift in Sources */ = {isa = PBXBuildFile; fileRef = 1B9BCAA327773CCC0084931D /* PasswordChangePresenter.swift */; };
		1BBC5C7E276DB060001B5F3E /* GoogleService-Info.plist in Resources */ = {isa = PBXBuildFile; fileRef = 1BBC5C7D276DB060001B5F3E /* GoogleService-Info.plist */; };
		1BBC5C82276DB547001B5F3E /* FirebaseAuth in Frameworks */ = {isa = PBXBuildFile; productRef = 1BBC5C81276DB547001B5F3E /* FirebaseAuth */; };
		1BBC5C85276DBAF4001B5F3E /* Session.swift in Sources */ = {isa = PBXBuildFile; fileRef = 1BBC5C84276DBAF4001B5F3E /* Session.swift */; };
		1BBC5C8C276DC0A4001B5F3E /* SignUpData.swift in Sources */ = {isa = PBXBuildFile; fileRef = 1BBC5C8B276DC0A4001B5F3E /* SignUpData.swift */; };
		1BBC5C90276DD0AB001B5F3E /* UIAlertController+Extension.swift in Sources */ = {isa = PBXBuildFile; fileRef = 1BBC5C8F276DD0AB001B5F3E /* UIAlertController+Extension.swift */; };
		1BBC5C93276DDF51001B5F3E /* AuthErrorCode+Extension.swift in Sources */ = {isa = PBXBuildFile; fileRef = 1BBC5C92276DDF51001B5F3E /* AuthErrorCode+Extension.swift */; };
		1BBC5C9E276E0D82001B5F3E /* Credentials.swift in Sources */ = {isa = PBXBuildFile; fileRef = 1BBC5C9D276E0D81001B5F3E /* Credentials.swift */; };
		3C0CAAE42768907E00810069 /* UIColor+Extension.swift in Sources */ = {isa = PBXBuildFile; fileRef = 3C0CAAE32768907E00810069 /* UIColor+Extension.swift */; };
		3C0CAAE7276890CE00810069 /* MQColor.swift in Sources */ = {isa = PBXBuildFile; fileRef = 3C0CAAE6276890CE00810069 /* MQColor.swift */; };
		3C0CAAEB2768966F00810069 /* MQStandardTextField.swift in Sources */ = {isa = PBXBuildFile; fileRef = 3C0CAAEA2768966F00810069 /* MQStandardTextField.swift */; };
		3C0CAAF12768A15000810069 /* MQStandardButton.swift in Sources */ = {isa = PBXBuildFile; fileRef = 3C0CAAF02768A15000810069 /* MQStandardButton.swift */; };
		3C25CD562773259700A49DC2 /* PasswordChangeViewController.swift in Sources */ = {isa = PBXBuildFile; fileRef = 3C25CD552773259700A49DC2 /* PasswordChangeViewController.swift */; };
		3CD0E1A2276F765500EE255D /* PasswordResetViewController.swift in Sources */ = {isa = PBXBuildFile; fileRef = 3CD0E1A1276F765500EE255D /* PasswordResetViewController.swift */; };
		3CD0E1A4276F7AD600EE255D /* MQOneImageTextField.swift in Sources */ = {isa = PBXBuildFile; fileRef = 3CD0E1A3276F7AD600EE255D /* MQOneImageTextField.swift */; };
		3CD0E1A6276F86D900EE255D /* LevelsViewController.swift in Sources */ = {isa = PBXBuildFile; fileRef = 3CD0E1A5276F86D900EE255D /* LevelsViewController.swift */; };
		3CD0E1A8276F870F00EE255D /* LevelCollectionViewCell.swift in Sources */ = {isa = PBXBuildFile; fileRef = 3CD0E1A7276F870F00EE255D /* LevelCollectionViewCell.swift */; };
		EC22387C3C87C6E08D11C37B /* Pods_MathsQuiz.framework in Frameworks */ = {isa = PBXBuildFile; fileRef = 14854C16524560F9BF89A18C /* Pods_MathsQuiz.framework */; };
/* End PBXBuildFile section */

/* Begin PBXFileReference section */
		14854C16524560F9BF89A18C /* Pods_MathsQuiz.framework */ = {isa = PBXFileReference; explicitFileType = wrapper.framework; includeInIndex = 0; path = Pods_MathsQuiz.framework; sourceTree = BUILT_PRODUCTS_DIR; };
		1B71BA0E2767BE490056A2FF /* MathsQuiz.app */ = {isa = PBXFileReference; explicitFileType = wrapper.application; includeInIndex = 0; path = MathsQuiz.app; sourceTree = BUILT_PRODUCTS_DIR; };
		1B71BA112767BE490056A2FF /* AppDelegate.swift */ = {isa = PBXFileReference; lastKnownFileType = sourcecode.swift; path = AppDelegate.swift; sourceTree = "<group>"; };
		1B71BA132767BE490056A2FF /* SceneDelegate.swift */ = {isa = PBXFileReference; lastKnownFileType = sourcecode.swift; path = SceneDelegate.swift; sourceTree = "<group>"; };
		1B71BA152767BE490056A2FF /* LoginViewController.swift */ = {isa = PBXFileReference; lastKnownFileType = sourcecode.swift; path = LoginViewController.swift; sourceTree = "<group>"; };
		1B71BA1A2767BE4A0056A2FF /* Assets.xcassets */ = {isa = PBXFileReference; lastKnownFileType = folder.assetcatalog; path = Assets.xcassets; sourceTree = "<group>"; };
		1B71BA1D2767BE4A0056A2FF /* Base */ = {isa = PBXFileReference; lastKnownFileType = file.storyboard; name = Base; path = Base.lproj/LaunchScreen.storyboard; sourceTree = "<group>"; };
		1B71BA1F2767BE4A0056A2FF /* Info.plist */ = {isa = PBXFileReference; lastKnownFileType = text.plist.xml; path = Info.plist; sourceTree = "<group>"; };
		1B71BA342768F5680056A2FF /* LoginPresenter.swift */ = {isa = PBXFileReference; lastKnownFileType = sourcecode.swift; path = LoginPresenter.swift; sourceTree = "<group>"; };
		1B71BA3A276908560056A2FF /* LoginAssembly.swift */ = {isa = PBXFileReference; lastKnownFileType = sourcecode.swift; path = LoginAssembly.swift; sourceTree = "<group>"; };
		1B71BA5927691EF70056A2FF /* SignUpViewController.swift */ = {isa = PBXFileReference; fileEncoding = 4; lastKnownFileType = sourcecode.swift; path = SignUpViewController.swift; sourceTree = "<group>"; };
		1B71BA6227699B290056A2FF /* SignUpPresenter.swift */ = {isa = PBXFileReference; lastKnownFileType = sourcecode.swift; path = SignUpPresenter.swift; sourceTree = "<group>"; };
		1B71BA6627699FD50056A2FF /* SignUpAssembly.swift */ = {isa = PBXFileReference; lastKnownFileType = sourcecode.swift; path = SignUpAssembly.swift; sourceTree = "<group>"; };
		1B7C4730276B42D100BFD277 /* AppCoordinator.swift */ = {isa = PBXFileReference; lastKnownFileType = sourcecode.swift; path = AppCoordinator.swift; sourceTree = "<group>"; };
		1B7C4735276B42E700BFD277 /* Coordinator.swift */ = {isa = PBXFileReference; lastKnownFileType = sourcecode.swift; path = Coordinator.swift; sourceTree = "<group>"; };
		1B7C473B276B574100BFD277 /* BaseCoordinator.swift */ = {isa = PBXFileReference; lastKnownFileType = sourcecode.swift; path = BaseCoordinator.swift; sourceTree = "<group>"; };
		1B7C473F276B58B600BFD277 /* Presentable.swift */ = {isa = PBXFileReference; lastKnownFileType = sourcecode.swift; path = Presentable.swift; sourceTree = "<group>"; };
		1B7C4742276B58EA00BFD277 /* Router.swift */ = {isa = PBXFileReference; lastKnownFileType = sourcecode.swift; path = Router.swift; sourceTree = "<group>"; };
		1B7C4750276B5FC200BFD277 /* AuthCoordinatorOutput.swift */ = {isa = PBXFileReference; lastKnownFileType = sourcecode.swift; path = AuthCoordinatorOutput.swift; sourceTree = "<group>"; };
		1B7C4766276B8B4600BFD277 /* AuthCoordinator.swift */ = {isa = PBXFileReference; lastKnownFileType = sourcecode.swift; path = AuthCoordinator.swift; sourceTree = "<group>"; };
		1B7C4771276B8D2200BFD277 /* Constants.swift */ = {isa = PBXFileReference; lastKnownFileType = sourcecode.swift; path = Constants.swift; sourceTree = "<group>"; };
		1B7C4777276C42C600BFD277 /* CoordinatorFactory.swift */ = {isa = PBXFileReference; lastKnownFileType = sourcecode.swift; path = CoordinatorFactory.swift; sourceTree = "<group>"; };
		1B7C4782276C463B00BFD277 /* AuthModuleFactory.swift */ = {isa = PBXFileReference; lastKnownFileType = sourcecode.swift; path = AuthModuleFactory.swift; sourceTree = "<group>"; };
		1B7C4785276C599600BFD277 /* ModulesFactory.swift */ = {isa = PBXFileReference; lastKnownFileType = sourcecode.swift; path = ModulesFactory.swift; sourceTree = "<group>"; };
		1B7C478B276C63D500BFD277 /* LoginContract.swift */ = {isa = PBXFileReference; lastKnownFileType = sourcecode.swift; path = LoginContract.swift; sourceTree = "<group>"; };
		1B7C4791276C663C00BFD277 /* CoordinatorFactoryImp.swift */ = {isa = PBXFileReference; lastKnownFileType = sourcecode.swift; path = CoordinatorFactoryImp.swift; sourceTree = "<group>"; };
		1B7C4796276C6A2D00BFD277 /* RouterImp.swift */ = {isa = PBXFileReference; lastKnownFileType = sourcecode.swift; path = RouterImp.swift; sourceTree = "<group>"; };
		1B7C47A6276C8BD200BFD277 /* SignUpContract.swift */ = {isa = PBXFileReference; lastKnownFileType = sourcecode.swift; path = SignUpContract.swift; sourceTree = "<group>"; };
		1B9BC9F0276E4D530084931D /* MQFont.swift */ = {isa = PBXFileReference; fileEncoding = 4; lastKnownFileType = sourcecode.swift; path = MQFont.swift; sourceTree = "<group>"; };
		1B9BC9F4276E4FC90084931D /* UserProfileDetailViewController.swift */ = {isa = PBXFileReference; fileEncoding = 4; lastKnownFileType = sourcecode.swift; path = UserProfileDetailViewController.swift; sourceTree = "<group>"; };
		1B9BC9F7276E4FD70084931D /* UserProfileViewController.swift */ = {isa = PBXFileReference; fileEncoding = 4; lastKnownFileType = sourcecode.swift; path = UserProfileViewController.swift; sourceTree = "<group>"; };
		1B9BC9FB276E50260084931D /* HomeViewController.swift */ = {isa = PBXFileReference; fileEncoding = 4; lastKnownFileType = sourcecode.swift; path = HomeViewController.swift; sourceTree = "<group>"; };
		1B9BC9FF276E50590084931D /* HomeCollectionViewCell.swift */ = {isa = PBXFileReference; fileEncoding = 4; lastKnownFileType = sourcecode.swift; path = HomeCollectionViewCell.swift; sourceTree = "<group>"; };
		1B9BCA04276E52A80084931D /* MQCircularProgressBar.swift */ = {isa = PBXFileReference; fileEncoding = 4; lastKnownFileType = sourcecode.swift; path = MQCircularProgressBar.swift; sourceTree = "<group>"; };
		1B9BCA07276E52B70084931D /* ConfigCell.swift */ = {isa = PBXFileReference; fileEncoding = 4; lastKnownFileType = sourcecode.swift; path = ConfigCell.swift; sourceTree = "<group>"; };
		1B9BCA0A276E53E20084931D /* HomeCollectionViewData.swift */ = {isa = PBXFileReference; fileEncoding = 4; lastKnownFileType = sourcecode.swift; path = HomeCollectionViewData.swift; sourceTree = "<group>"; };
		1B9BCA0D276E547F0084931D /* CollectionCellSize.swift */ = {isa = PBXFileReference; fileEncoding = 4; lastKnownFileType = sourcecode.swift; path = CollectionCellSize.swift; sourceTree = "<group>"; };
		1B9BCA19276F068B0084931D /* MainCoordinatorOutput.swift */ = {isa = PBXFileReference; lastKnownFileType = sourcecode.swift; path = MainCoordinatorOutput.swift; sourceTree = "<group>"; };
		1B9BCA1C276F06A50084931D /* MainCoordinator.swift */ = {isa = PBXFileReference; lastKnownFileType = sourcecode.swift; path = MainCoordinator.swift; sourceTree = "<group>"; };
		1B9BCA20276F08C20084931D /* MainModuleFactory.swift */ = {isa = PBXFileReference; lastKnownFileType = sourcecode.swift; path = MainModuleFactory.swift; sourceTree = "<group>"; };
		1B9BCA25276F09A30084931D /* HomePresenter.swift */ = {isa = PBXFileReference; lastKnownFileType = sourcecode.swift; path = HomePresenter.swift; sourceTree = "<group>"; };
		1B9BCA28276F09B00084931D /* HomeAssembly.swift */ = {isa = PBXFileReference; lastKnownFileType = sourcecode.swift; path = HomeAssembly.swift; sourceTree = "<group>"; };
		1B9BCA2B276F09C50084931D /* HomeContract.swift */ = {isa = PBXFileReference; lastKnownFileType = sourcecode.swift; path = HomeContract.swift; sourceTree = "<group>"; };
		1B9BCA2E276F0F170084931D /* Activity.swift */ = {isa = PBXFileReference; lastKnownFileType = sourcecode.swift; path = Activity.swift; sourceTree = "<group>"; };
		1B9BCA392770518B0084931D /* MQPlainButton.swift */ = {isa = PBXFileReference; lastKnownFileType = sourcecode.swift; path = MQPlainButton.swift; sourceTree = "<group>"; };
		1B9BCA3C277053BA0084931D /* UserProfileContract.swift */ = {isa = PBXFileReference; lastKnownFileType = sourcecode.swift; path = UserProfileContract.swift; sourceTree = "<group>"; };
		1B9BCA3F277053D00084931D /* UserProfileAssembly.swift */ = {isa = PBXFileReference; lastKnownFileType = sourcecode.swift; path = UserProfileAssembly.swift; sourceTree = "<group>"; };
		1B9BCA42277054BF0084931D /* UserProfilePresenter.swift */ = {isa = PBXFileReference; lastKnownFileType = sourcecode.swift; path = UserProfilePresenter.swift; sourceTree = "<group>"; };
		1B9BCA4C2770B6600084931D /* UserProfileDetailContract.swift */ = {isa = PBXFileReference; lastKnownFileType = sourcecode.swift; path = UserProfileDetailContract.swift; sourceTree = "<group>"; };
		1B9BCA4F2770B66E0084931D /* UserProfileDetailAssembly.swift */ = {isa = PBXFileReference; lastKnownFileType = sourcecode.swift; path = UserProfileDetailAssembly.swift; sourceTree = "<group>"; };
		1B9BCA522770B6840084931D /* UserProfileDetailPresenter.swift */ = {isa = PBXFileReference; lastKnownFileType = sourcecode.swift; path = UserProfileDetailPresenter.swift; sourceTree = "<group>"; };
		1B9BCA572771DD7F0084931D /* LevelsContract.swift */ = {isa = PBXFileReference; lastKnownFileType = sourcecode.swift; path = LevelsContract.swift; sourceTree = "<group>"; };
		1B9BCA5A2771DD900084931D /* LevelsAssembly.swift */ = {isa = PBXFileReference; lastKnownFileType = sourcecode.swift; path = LevelsAssembly.swift; sourceTree = "<group>"; };
		1B9BCA5D2771DDA30084931D /* LevelsPresenter.swift */ = {isa = PBXFileReference; lastKnownFileType = sourcecode.swift; path = LevelsPresenter.swift; sourceTree = "<group>"; };
		1B9BCA672774BE2E0084931D /* UIView+Extension.swift */ = {isa = PBXFileReference; lastKnownFileType = sourcecode.swift; path = "UIView+Extension.swift"; sourceTree = "<group>"; };
		1B9BCA6D2774C5430084931D /* UIViewController+Extension.swift */ = {isa = PBXFileReference; lastKnownFileType = sourcecode.swift; path = "UIViewController+Extension.swift"; sourceTree = "<group>"; };
		1B9BCA702774C6030084931D /* UserDefaultsStorage.swift */ = {isa = PBXFileReference; lastKnownFileType = sourcecode.swift; path = UserDefaultsStorage.swift; sourceTree = "<group>"; };
		1B9BCA82277591E10084931D /* FirestoreManager.swift */ = {isa = PBXFileReference; lastKnownFileType = sourcecode.swift; path = FirestoreManager.swift; sourceTree = "<group>"; };
		1B9BCA862775A07E0084931D /* UserProfile.swift */ = {isa = PBXFileReference; lastKnownFileType = sourcecode.swift; path = UserProfile.swift; sourceTree = "<group>"; };
		1B9BCA8927764CA40084931D /* String+Extension.swift */ = {isa = PBXFileReference; lastKnownFileType = sourcecode.swift; path = "String+Extension.swift"; sourceTree = "<group>"; };
		1B9BCA8C27764CB50084931D /* Date+Extension.swift */ = {isa = PBXFileReference; lastKnownFileType = sourcecode.swift; path = "Date+Extension.swift"; sourceTree = "<group>"; };
		1B9BCA9D27773CAB0084931D /* PasswordChangeContract.swift */ = {isa = PBXFileReference; lastKnownFileType = sourcecode.swift; path = PasswordChangeContract.swift; sourceTree = "<group>"; };
		1B9BCAA027773CBD0084931D /* PasswordChangeAssembly.swift */ = {isa = PBXFileReference; lastKnownFileType = sourcecode.swift; path = PasswordChangeAssembly.swift; sourceTree = "<group>"; };
		1B9BCAA327773CCC0084931D /* PasswordChangePresenter.swift */ = {isa = PBXFileReference; lastKnownFileType = sourcecode.swift; path = PasswordChangePresenter.swift; sourceTree = "<group>"; };
		1BBC5C7D276DB060001B5F3E /* GoogleService-Info.plist */ = {isa = PBXFileReference; fileEncoding = 4; lastKnownFileType = text.plist.xml; path = "GoogleService-Info.plist"; sourceTree = "<group>"; };
		1BBC5C84276DBAF4001B5F3E /* Session.swift */ = {isa = PBXFileReference; lastKnownFileType = sourcecode.swift; path = Session.swift; sourceTree = "<group>"; };
		1BBC5C8B276DC0A4001B5F3E /* SignUpData.swift */ = {isa = PBXFileReference; lastKnownFileType = sourcecode.swift; path = SignUpData.swift; sourceTree = "<group>"; };
		1BBC5C8F276DD0AB001B5F3E /* UIAlertController+Extension.swift */ = {isa = PBXFileReference; lastKnownFileType = sourcecode.swift; path = "UIAlertController+Extension.swift"; sourceTree = "<group>"; };
		1BBC5C92276DDF51001B5F3E /* AuthErrorCode+Extension.swift */ = {isa = PBXFileReference; lastKnownFileType = sourcecode.swift; path = "AuthErrorCode+Extension.swift"; sourceTree = "<group>"; };
		1BBC5C9D276E0D81001B5F3E /* Credentials.swift */ = {isa = PBXFileReference; lastKnownFileType = sourcecode.swift; path = Credentials.swift; sourceTree = "<group>"; };
		3C0CAAE32768907E00810069 /* UIColor+Extension.swift */ = {isa = PBXFileReference; lastKnownFileType = sourcecode.swift; path = "UIColor+Extension.swift"; sourceTree = "<group>"; };
		3C0CAAE6276890CE00810069 /* MQColor.swift */ = {isa = PBXFileReference; lastKnownFileType = sourcecode.swift; path = MQColor.swift; sourceTree = "<group>"; };
		3C0CAAEA2768966F00810069 /* MQStandardTextField.swift */ = {isa = PBXFileReference; lastKnownFileType = sourcecode.swift; path = MQStandardTextField.swift; sourceTree = "<group>"; };
		3C0CAAF02768A15000810069 /* MQStandardButton.swift */ = {isa = PBXFileReference; lastKnownFileType = sourcecode.swift; path = MQStandardButton.swift; sourceTree = "<group>"; };
		3C25CD552773259700A49DC2 /* PasswordChangeViewController.swift */ = {isa = PBXFileReference; lastKnownFileType = sourcecode.swift; path = PasswordChangeViewController.swift; sourceTree = "<group>"; };
		3CD0E1A1276F765500EE255D /* PasswordResetViewController.swift */ = {isa = PBXFileReference; lastKnownFileType = sourcecode.swift; path = PasswordResetViewController.swift; sourceTree = "<group>"; };
		3CD0E1A3276F7AD600EE255D /* MQOneImageTextField.swift */ = {isa = PBXFileReference; lastKnownFileType = sourcecode.swift; path = MQOneImageTextField.swift; sourceTree = "<group>"; };
		3CD0E1A5276F86D900EE255D /* LevelsViewController.swift */ = {isa = PBXFileReference; lastKnownFileType = sourcecode.swift; path = LevelsViewController.swift; sourceTree = "<group>"; };
		3CD0E1A7276F870F00EE255D /* LevelCollectionViewCell.swift */ = {isa = PBXFileReference; lastKnownFileType = sourcecode.swift; path = LevelCollectionViewCell.swift; sourceTree = "<group>"; };
		A3992DCAA111BE9734DDE7C7 /* Pods-MathsQuiz.debug.xcconfig */ = {isa = PBXFileReference; includeInIndex = 1; lastKnownFileType = text.xcconfig; name = "Pods-MathsQuiz.debug.xcconfig"; path = "Target Support Files/Pods-MathsQuiz/Pods-MathsQuiz.debug.xcconfig"; sourceTree = "<group>"; };
		FC1C8FE18974E344404A13F0 /* Pods-MathsQuiz.release.xcconfig */ = {isa = PBXFileReference; includeInIndex = 1; lastKnownFileType = text.xcconfig; name = "Pods-MathsQuiz.release.xcconfig"; path = "Target Support Files/Pods-MathsQuiz/Pods-MathsQuiz.release.xcconfig"; sourceTree = "<group>"; };
/* End PBXFileReference section */

/* Begin PBXFrameworksBuildPhase section */
		1B71BA0B2767BE490056A2FF /* Frameworks */ = {
			isa = PBXFrameworksBuildPhase;
			buildActionMask = 2147483647;
			files = (
				1BBC5C82276DB547001B5F3E /* FirebaseAuth in Frameworks */,
				1B9BCA80277591730084931D /* FirebaseFirestoreSwift-Beta in Frameworks */,
				EC22387C3C87C6E08D11C37B /* Pods_MathsQuiz.framework in Frameworks */,
				1B9BCA7E2775912C0084931D /* FirebaseFirestore in Frameworks */,
			);
			runOnlyForDeploymentPostprocessing = 0;
		};
/* End PBXFrameworksBuildPhase section */

/* Begin PBXGroup section */
		0E83B61A8D0C0A1743700777 /* Frameworks */ = {
			isa = PBXGroup;
			children = (
				14854C16524560F9BF89A18C /* Pods_MathsQuiz.framework */,
			);
			name = Frameworks;
			sourceTree = "<group>";
		};
		1B71BA052767BE490056A2FF = {
			isa = PBXGroup;
			children = (
				1B71BA102767BE490056A2FF /* MathsQuiz */,
				1B71BA0F2767BE490056A2FF /* Products */,
				7A361B884636435F578F350F /* Pods */,
				0E83B61A8D0C0A1743700777 /* Frameworks */,
				3CD0E1A0276F764600EE255D /* develop */,
			);
			sourceTree = "<group>";
		};
		1B71BA0F2767BE490056A2FF /* Products */ = {
			isa = PBXGroup;
			children = (
				1B71BA0E2767BE490056A2FF /* MathsQuiz.app */,
			);
			name = Products;
			sourceTree = "<group>";
		};
		1B71BA102767BE490056A2FF /* MathsQuiz */ = {
			isa = PBXGroup;
			children = (
				1B71BA262767BEE30056A2FF /* App */,
				1B71BA282767BEF30056A2FF /* Core */,
				1B71BA292767BF070056A2FF /* Flows */,
				1B71BA2A2767BF1C0056A2FF /* Resources */,
			);
			path = MathsQuiz;
			sourceTree = "<group>";
		};
		1B71BA262767BEE30056A2FF /* App */ = {
			isa = PBXGroup;
			children = (
				1B7C4730276B42D100BFD277 /* AppCoordinator.swift */,
				1B71BA112767BE490056A2FF /* AppDelegate.swift */,
				1B71BA132767BE490056A2FF /* SceneDelegate.swift */,
				1B71BA1C2767BE4A0056A2FF /* LaunchScreen.storyboard */,
				1BBC5C7D276DB060001B5F3E /* GoogleService-Info.plist */,
				1B71BA1F2767BE4A0056A2FF /* Info.plist */,
			);
			path = App;
			sourceTree = "<group>";
		};
		1B71BA282767BEF30056A2FF /* Core */ = {
			isa = PBXGroup;
			children = (
				1BBC5C8A276DC011001B5F3E /* Models */,
				1B7C47D2276CDAD300BFD277 /* UI */,
				1B7C4794276C69CA00BFD277 /* Router */,
				1B7C4775276C423D00BFD277 /* Factories */,
				1B9BCA812775919B0084931D /* Services */,
				1B7C4770276B8D0C00BFD277 /* Helpers */,
				1B7C475D276B886100BFD277 /* Protocols */,
				3C0CAAED27689DB600810069 /* Extensions */,
				1B7C475E276B89BB00BFD277 /* Base */,
			);
			path = Core;
			sourceTree = "<group>";
		};
		1B71BA292767BF070056A2FF /* Flows */ = {
			isa = PBXGroup;
			children = (
				1B7C47D6276CDEBA00BFD277 /* Main */,
				1B71BA2F2768F3280056A2FF /* Auth */,
			);
			path = Flows;
			sourceTree = "<group>";
		};
		1B71BA2A2767BF1C0056A2FF /* Resources */ = {
			isa = PBXGroup;
			children = (
				1B71BA1A2767BE4A0056A2FF /* Assets.xcassets */,
			);
			path = Resources;
			sourceTree = "<group>";
		};
		1B71BA2F2768F3280056A2FF /* Auth */ = {
			isa = PBXGroup;
			children = (
				1B7C4750276B5FC200BFD277 /* AuthCoordinatorOutput.swift */,
				1B7C4766276B8B4600BFD277 /* AuthCoordinator.swift */,
				1B71BA302768F4D00056A2FF /* Login */,
				1B71BA312768F4DF0056A2FF /* SignUp */,
				1B9BCA492770960D0084931D /* PasswordReset */,
			);
			path = Auth;
			sourceTree = "<group>";
		};
		1B71BA302768F4D00056A2FF /* Login */ = {
			isa = PBXGroup;
			children = (
				1B7C478B276C63D500BFD277 /* LoginContract.swift */,
				1B71BA3A276908560056A2FF /* LoginAssembly.swift */,
				1B71BA152767BE490056A2FF /* LoginViewController.swift */,
				1B71BA342768F5680056A2FF /* LoginPresenter.swift */,
			);
			path = Login;
			sourceTree = "<group>";
		};
		1B71BA312768F4DF0056A2FF /* SignUp */ = {
			isa = PBXGroup;
			children = (
				1B7C47A6276C8BD200BFD277 /* SignUpContract.swift */,
				1B71BA6627699FD50056A2FF /* SignUpAssembly.swift */,
				1B71BA5927691EF70056A2FF /* SignUpViewController.swift */,
				1B71BA6227699B290056A2FF /* SignUpPresenter.swift */,
			);
			path = SignUp;
			sourceTree = "<group>";
		};
		1B7C475D276B886100BFD277 /* Protocols */ = {
			isa = PBXGroup;
			children = (
				1B9BCA07276E52B70084931D /* ConfigCell.swift */,
				1B7C4735276B42E700BFD277 /* Coordinator.swift */,
				1B7C473F276B58B600BFD277 /* Presentable.swift */,
			);
			path = Protocols;
			sourceTree = "<group>";
		};
		1B7C475E276B89BB00BFD277 /* Base */ = {
			isa = PBXGroup;
			children = (
				1B7C473B276B574100BFD277 /* BaseCoordinator.swift */,
			);
			path = Base;
			sourceTree = "<group>";
		};
		1B7C4770276B8D0C00BFD277 /* Helpers */ = {
			isa = PBXGroup;
			children = (
				1B9BCA0D276E547F0084931D /* CollectionCellSize.swift */,
				1B9BCA0A276E53E20084931D /* HomeCollectionViewData.swift */,
				1B7C4771276B8D2200BFD277 /* Constants.swift */,
				1BBC5C84276DBAF4001B5F3E /* Session.swift */,
				1B9BCA702774C6030084931D /* UserDefaultsStorage.swift */,
			);
			path = Helpers;
			sourceTree = "<group>";
		};
		1B7C4775276C423D00BFD277 /* Factories */ = {
			isa = PBXGroup;
			children = (
				1B7C477C276C43D200BFD277 /* Modules */,
				1B7C4776276C424500BFD277 /* Coordinator */,
			);
			path = Factories;
			sourceTree = "<group>";
		};
		1B7C4776276C424500BFD277 /* Coordinator */ = {
			isa = PBXGroup;
			children = (
				1B7C4777276C42C600BFD277 /* CoordinatorFactory.swift */,
				1B7C4791276C663C00BFD277 /* CoordinatorFactoryImp.swift */,
			);
			path = Coordinator;
			sourceTree = "<group>";
		};
		1B7C477C276C43D200BFD277 /* Modules */ = {
			isa = PBXGroup;
			children = (
				1B7C4785276C599600BFD277 /* ModulesFactory.swift */,
				1B9BCA1F276F089F0084931D /* Main */,
				1B7C477D276C444F00BFD277 /* Auth */,
			);
			path = Modules;
			sourceTree = "<group>";
		};
		1B7C477D276C444F00BFD277 /* Auth */ = {
			isa = PBXGroup;
			children = (
				1B7C4782276C463B00BFD277 /* AuthModuleFactory.swift */,
			);
			path = Auth;
			sourceTree = "<group>";
		};
		1B7C4794276C69CA00BFD277 /* Router */ = {
			isa = PBXGroup;
			children = (
				1B7C4742276B58EA00BFD277 /* Router.swift */,
				1B7C4796276C6A2D00BFD277 /* RouterImp.swift */,
			);
			path = Router;
			sourceTree = "<group>";
		};
		1B7C47CE276CD91800BFD277 /* Views */ = {
			isa = PBXGroup;
			children = (
				3C0CAAF02768A15000810069 /* MQStandardButton.swift */,
				1B9BCA04276E52A80084931D /* MQCircularProgressBar.swift */,
				3C0CAAEA2768966F00810069 /* MQStandardTextField.swift */,
				1B9BCA392770518B0084931D /* MQPlainButton.swift */,
				3CD0E1A3276F7AD600EE255D /* MQOneImageTextField.swift */,
			);
			path = Views;
			sourceTree = "<group>";
		};
		1B7C47CF276CD94800BFD277 /* UserProfileDetail */ = {
			isa = PBXGroup;
			children = (
				1B9BCA4C2770B6600084931D /* UserProfileDetailContract.swift */,
				1B9BCA4F2770B66E0084931D /* UserProfileDetailAssembly.swift */,
				1B9BC9F4276E4FC90084931D /* UserProfileDetailViewController.swift */,
				1B9BCA522770B6840084931D /* UserProfileDetailPresenter.swift */,
			);
			path = UserProfileDetail;
			sourceTree = "<group>";
		};
		1B7C47D2276CDAD300BFD277 /* UI */ = {
			isa = PBXGroup;
			children = (
				1B7C47D3276CDAF100BFD277 /* Style */,
				1B7C47CE276CD91800BFD277 /* Views */,
			);
			path = UI;
			sourceTree = "<group>";
		};
		1B7C47D3276CDAF100BFD277 /* Style */ = {
			isa = PBXGroup;
			children = (
				3C0CAAE6276890CE00810069 /* MQColor.swift */,
				1B9BC9F0276E4D530084931D /* MQFont.swift */,
			);
			path = Style;
			sourceTree = "<group>";
		};
		1B7C47D6276CDEBA00BFD277 /* Main */ = {
			isa = PBXGroup;
			children = (
				1B9BCA19276F068B0084931D /* MainCoordinatorOutput.swift */,
				1B9BCA1C276F06A50084931D /* MainCoordinator.swift */,
				1B9BC9FA276E4FEA0084931D /* Home */,
				1B9BCA932776FEAF0084931D /* Account */,
				1B9BCA15276E5A830084931D /* Levels */,
			);
			path = Main;
			sourceTree = "<group>";
		};
		1B9BC9F3276E4FB70084931D /* UserProfile */ = {
			isa = PBXGroup;
			children = (
				1B9BCA3C277053BA0084931D /* UserProfileContract.swift */,
				1B9BCA3F277053D00084931D /* UserProfileAssembly.swift */,
				1B9BC9F7276E4FD70084931D /* UserProfileViewController.swift */,
				1B9BCA42277054BF0084931D /* UserProfilePresenter.swift */,
			);
			path = UserProfile;
			sourceTree = "<group>";
		};
		1B9BC9FA276E4FEA0084931D /* Home */ = {
			isa = PBXGroup;
			children = (
				1B9BC9FE276E502A0084931D /* Cells */,
				1B9BCA2B276F09C50084931D /* HomeContract.swift */,
				1B9BCA28276F09B00084931D /* HomeAssembly.swift */,
				1B9BC9FB276E50260084931D /* HomeViewController.swift */,
				1B9BCA25276F09A30084931D /* HomePresenter.swift */,
			);
			path = Home;
			sourceTree = "<group>";
		};
		1B9BC9FE276E502A0084931D /* Cells */ = {
			isa = PBXGroup;
			children = (
				1B9BC9FF276E50590084931D /* HomeCollectionViewCell.swift */,
			);
			path = Cells;
			sourceTree = "<group>";
		};
		1B9BCA15276E5A830084931D /* Levels */ = {
			isa = PBXGroup;
			children = (
				1B9BCA48277095AD0084931D /* Cells */,
				1B9BCA572771DD7F0084931D /* LevelsContract.swift */,
				1B9BCA5A2771DD900084931D /* LevelsAssembly.swift */,
				3CD0E1A5276F86D900EE255D /* LevelsViewController.swift */,
				1B9BCA5D2771DDA30084931D /* LevelsPresenter.swift */,
			);
			path = Levels;
			sourceTree = "<group>";
		};
		1B9BCA1F276F089F0084931D /* Main */ = {
			isa = PBXGroup;
			children = (
				1B9BCA20276F08C20084931D /* MainModuleFactory.swift */,
			);
			path = Main;
			sourceTree = "<group>";
		};
		1B9BCA48277095AD0084931D /* Cells */ = {
			isa = PBXGroup;
			children = (
				3CD0E1A7276F870F00EE255D /* LevelCollectionViewCell.swift */,
			);
			path = Cells;
			sourceTree = "<group>";
		};
		1B9BCA492770960D0084931D /* PasswordReset */ = {
			isa = PBXGroup;
			children = (
				3CD0E1A1276F765500EE255D /* PasswordResetViewController.swift */,
			);
			path = PasswordReset;
			sourceTree = "<group>";
		};
		1B9BCA812775919B0084931D /* Services */ = {
			isa = PBXGroup;
			children = (
				1B9BCA82277591E10084931D /* FirestoreManager.swift */,
			);
			path = Services;
			sourceTree = "<group>";
		};
		1B9BCA932776FEAF0084931D /* Account */ = {
			isa = PBXGroup;
			children = (
				1B9BCA9B27773C0E0084931D /* PasswordChange */,
				1B9BC9F3276E4FB70084931D /* UserProfile */,
				1B7C47CF276CD94800BFD277 /* UserProfileDetail */,
			);
			path = Account;
			sourceTree = "<group>";
		};
		1B9BCA9B27773C0E0084931D /* PasswordChange */ = {
			isa = PBXGroup;
			children = (
				1B9BCA9D27773CAB0084931D /* PasswordChangeContract.swift */,
				1B9BCAA027773CBD0084931D /* PasswordChangeAssembly.swift */,
				3C25CD552773259700A49DC2 /* PasswordChangeViewController.swift */,
				1B9BCAA327773CCC0084931D /* PasswordChangePresenter.swift */,
			);
			path = PasswordChange;
			sourceTree = "<group>";
		};
		1BBC5C8A276DC011001B5F3E /* Models */ = {
			isa = PBXGroup;
			children = (
				1BBC5C8B276DC0A4001B5F3E /* SignUpData.swift */,
				1B9BCA2E276F0F170084931D /* Activity.swift */,
				1BBC5C9D276E0D81001B5F3E /* Credentials.swift */,
				1B9BCA862775A07E0084931D /* UserProfile.swift */,
			);
			path = Models;
			sourceTree = "<group>";
		};
		3C0CAAED27689DB600810069 /* Extensions */ = {
			isa = PBXGroup;
			children = (
				1B9BCA672774BE2E0084931D /* UIView+Extension.swift */,
				3C0CAAE32768907E00810069 /* UIColor+Extension.swift */,
				1B9BCA8C27764CB50084931D /* Date+Extension.swift */,
				1BBC5C8F276DD0AB001B5F3E /* UIAlertController+Extension.swift */,
				1BBC5C92276DDF51001B5F3E /* AuthErrorCode+Extension.swift */,
				1B9BCA6D2774C5430084931D /* UIViewController+Extension.swift */,
				1B9BCA8927764CA40084931D /* String+Extension.swift */,
			);
			path = Extensions;
			sourceTree = "<group>";
		};
		3CD0E1A0276F764600EE255D /* develop */ = {
			isa = PBXGroup;
			children = (
			);
			name = develop;
			sourceTree = "<group>";
		};
		7A361B884636435F578F350F /* Pods */ = {
			isa = PBXGroup;
			children = (
				A3992DCAA111BE9734DDE7C7 /* Pods-MathsQuiz.debug.xcconfig */,
				FC1C8FE18974E344404A13F0 /* Pods-MathsQuiz.release.xcconfig */,
			);
			path = Pods;
			sourceTree = "<group>";
		};
/* End PBXGroup section */

/* Begin PBXNativeTarget section */
		1B71BA0D2767BE490056A2FF /* MathsQuiz */ = {
			isa = PBXNativeTarget;
			buildConfigurationList = 1B71BA222767BE4A0056A2FF /* Build configuration list for PBXNativeTarget "MathsQuiz" */;
			buildPhases = (
				A6E0A07CDC4D57A546716DB4 /* [CP] Check Pods Manifest.lock */,
				1BBC5C9B276DF5C0001B5F3E /* SwiftLint */,
				1B71BA0A2767BE490056A2FF /* Sources */,
				1B71BA0B2767BE490056A2FF /* Frameworks */,
				1B71BA0C2767BE490056A2FF /* Resources */,
			);
			buildRules = (
			);
			dependencies = (
			);
			name = MathsQuiz;
			packageProductDependencies = (
				1BBC5C81276DB547001B5F3E /* FirebaseAuth */,
				1B9BCA7D2775912C0084931D /* FirebaseFirestore */,
				1B9BCA7F277591730084931D /* FirebaseFirestoreSwift-Beta */,
			);
			productName = MathsQuiz;
			productReference = 1B71BA0E2767BE490056A2FF /* MathsQuiz.app */;
			productType = "com.apple.product-type.application";
		};
/* End PBXNativeTarget section */

/* Begin PBXProject section */
		1B71BA062767BE490056A2FF /* Project object */ = {
			isa = PBXProject;
			attributes = {
				LastSwiftUpdateCheck = 1240;
				LastUpgradeCheck = 1240;
				TargetAttributes = {
					1B71BA0D2767BE490056A2FF = {
						CreatedOnToolsVersion = 12.4;
					};
				};
			};
			buildConfigurationList = 1B71BA092767BE490056A2FF /* Build configuration list for PBXProject "MathsQuiz" */;
			compatibilityVersion = "Xcode 9.3";
			developmentRegion = en;
			hasScannedForEncodings = 0;
			knownRegions = (
				en,
				Base,
			);
			mainGroup = 1B71BA052767BE490056A2FF;
			packageReferences = (
				1BBC5C80276DB547001B5F3E /* XCRemoteSwiftPackageReference "firebase-ios-sdk" */,
			);
			productRefGroup = 1B71BA0F2767BE490056A2FF /* Products */;
			projectDirPath = "";
			projectRoot = "";
			targets = (
				1B71BA0D2767BE490056A2FF /* MathsQuiz */,
			);
		};
/* End PBXProject section */

/* Begin PBXResourcesBuildPhase section */
		1B71BA0C2767BE490056A2FF /* Resources */ = {
			isa = PBXResourcesBuildPhase;
			buildActionMask = 2147483647;
			files = (
				1B71BA1E2767BE4A0056A2FF /* LaunchScreen.storyboard in Resources */,
				1B71BA1B2767BE4A0056A2FF /* Assets.xcassets in Resources */,
				1BBC5C7E276DB060001B5F3E /* GoogleService-Info.plist in Resources */,
			);
			runOnlyForDeploymentPostprocessing = 0;
		};
/* End PBXResourcesBuildPhase section */

/* Begin PBXShellScriptBuildPhase section */
		1BBC5C9B276DF5C0001B5F3E /* SwiftLint */ = {
			isa = PBXShellScriptBuildPhase;
			buildActionMask = 2147483647;
			files = (
			);
			inputFileListPaths = (
			);
			inputPaths = (
			);
			name = SwiftLint;
			outputFileListPaths = (
			);
			outputPaths = (
			);
			runOnlyForDeploymentPostprocessing = 0;
			shellPath = /bin/sh;
			shellScript = "\"${PODS_ROOT}/SwiftLint/swiftlint\"\n";
		};
		A6E0A07CDC4D57A546716DB4 /* [CP] Check Pods Manifest.lock */ = {
			isa = PBXShellScriptBuildPhase;
			buildActionMask = 2147483647;
			files = (
			);
			inputFileListPaths = (
			);
			inputPaths = (
				"${PODS_PODFILE_DIR_PATH}/Podfile.lock",
				"${PODS_ROOT}/Manifest.lock",
			);
			name = "[CP] Check Pods Manifest.lock";
			outputFileListPaths = (
			);
			outputPaths = (
				"$(DERIVED_FILE_DIR)/Pods-MathsQuiz-checkManifestLockResult.txt",
			);
			runOnlyForDeploymentPostprocessing = 0;
			shellPath = /bin/sh;
			shellScript = "diff \"${PODS_PODFILE_DIR_PATH}/Podfile.lock\" \"${PODS_ROOT}/Manifest.lock\" > /dev/null\nif [ $? != 0 ] ; then\n    # print error to STDERR\n    echo \"error: The sandbox is not in sync with the Podfile.lock. Run 'pod install' or update your CocoaPods installation.\" >&2\n    exit 1\nfi\n# This output is used by Xcode 'outputs' to avoid re-running this script phase.\necho \"SUCCESS\" > \"${SCRIPT_OUTPUT_FILE_0}\"\n";
			showEnvVarsInLog = 0;
		};
/* End PBXShellScriptBuildPhase section */

/* Begin PBXSourcesBuildPhase section */
		1B71BA0A2767BE490056A2FF /* Sources */ = {
			isa = PBXSourcesBuildPhase;
			buildActionMask = 2147483647;
			files = (
				1B9BCA502770B66E0084931D /* UserProfileDetailAssembly.swift in Sources */,
				1BBC5C85276DBAF4001B5F3E /* Session.swift in Sources */,
				1B71BA5A27691EF70056A2FF /* SignUpViewController.swift in Sources */,
				1B9BCA29276F09B00084931D /* HomeAssembly.swift in Sources */,
				3CD0E1A6276F86D900EE255D /* LevelsViewController.swift in Sources */,
				1B9BCA1A276F068B0084931D /* MainCoordinatorOutput.swift in Sources */,
				1B7C4740276B58B600BFD277 /* Presentable.swift in Sources */,
				1BBC5C9E276E0D82001B5F3E /* Credentials.swift in Sources */,
				1B9BCA9E27773CAB0084931D /* PasswordChangeContract.swift in Sources */,
				1B9BCA1D276F06A50084931D /* MainCoordinator.swift in Sources */,
				1B71BA352768F5680056A2FF /* LoginPresenter.swift in Sources */,
				1B7C4731276B42D100BFD277 /* AppCoordinator.swift in Sources */,
				1B9BCA6E2774C5430084931D /* UIViewController+Extension.swift in Sources */,
				1B9BCA21276F08C20084931D /* MainModuleFactory.swift in Sources */,
				1B71BA162767BE490056A2FF /* LoginViewController.swift in Sources */,
				1B9BCAA427773CCC0084931D /* PasswordChangePresenter.swift in Sources */,
				1B7C4772276B8D2200BFD277 /* Constants.swift in Sources */,
				1B7C4786276C599600BFD277 /* ModulesFactory.swift in Sources */,
				1B9BCA872775A07E0084931D /* UserProfile.swift in Sources */,
				1B9BCA05276E52A80084931D /* MQCircularProgressBar.swift in Sources */,
				1B7C4767276B8B4600BFD277 /* AuthCoordinator.swift in Sources */,
				1B9BCA3A2770518B0084931D /* MQPlainButton.swift in Sources */,
				3CD0E1A4276F7AD600EE255D /* MQOneImageTextField.swift in Sources */,
				1B9BCA00276E50590084931D /* HomeCollectionViewCell.swift in Sources */,
				1B7C4783276C463B00BFD277 /* AuthModuleFactory.swift in Sources */,
				1B9BCAA127773CBD0084931D /* PasswordChangeAssembly.swift in Sources */,
				1B7C47A7276C8BD200BFD277 /* SignUpContract.swift in Sources */,
				1B9BCA532770B6840084931D /* UserProfileDetailPresenter.swift in Sources */,
				1B9BCA8D27764CB50084931D /* Date+Extension.swift in Sources */,
				1B71BA3B276908560056A2FF /* LoginAssembly.swift in Sources */,
				3C0CAAE7276890CE00810069 /* MQColor.swift in Sources */,
				1B9BCA08276E52B70084931D /* ConfigCell.swift in Sources */,
				1B9BCA83277591E10084931D /* FirestoreManager.swift in Sources */,
				1B7C4736276B42E700BFD277 /* Coordinator.swift in Sources */,
				1B9BCA5E2771DDA30084931D /* LevelsPresenter.swift in Sources */,
				3C0CAAE42768907E00810069 /* UIColor+Extension.swift in Sources */,
				1B9BC9F8276E4FD70084931D /* UserProfileViewController.swift in Sources */,
				3C25CD562773259700A49DC2 /* PasswordChangeViewController.swift in Sources */,
				1B9BCA0B276E53E20084931D /* HomeCollectionViewData.swift in Sources */,
				1B9BCA26276F09A30084931D /* HomePresenter.swift in Sources */,
				1B9BCA40277053D00084931D /* UserProfileAssembly.swift in Sources */,
				1B9BCA0E276E547F0084931D /* CollectionCellSize.swift in Sources */,
				1B9BC9F5276E4FC90084931D /* UserProfileDetailViewController.swift in Sources */,
				1B71BA122767BE490056A2FF /* AppDelegate.swift in Sources */,
				1B7C4778276C42C600BFD277 /* CoordinatorFactory.swift in Sources */,
				3CD0E1A2276F765500EE255D /* PasswordResetViewController.swift in Sources */,
				1B9BC9FC276E50260084931D /* HomeViewController.swift in Sources */,
				1B7C4797276C6A2D00BFD277 /* RouterImp.swift in Sources */,
				1BBC5C8C276DC0A4001B5F3E /* SignUpData.swift in Sources */,
				1B7C478C276C63D500BFD277 /* LoginContract.swift in Sources */,
				1B7C4743276B58EA00BFD277 /* Router.swift in Sources */,
				1B9BCA2C276F09C50084931D /* HomeContract.swift in Sources */,
				3C0CAAEB2768966F00810069 /* MQStandardTextField.swift in Sources */,
				1B9BCA582771DD800084931D /* LevelsContract.swift in Sources */,
				1BBC5C93276DDF51001B5F3E /* AuthErrorCode+Extension.swift in Sources */,
				1B9BCA3D277053BA0084931D /* UserProfileContract.swift in Sources */,
				1B7C473C276B574100BFD277 /* BaseCoordinator.swift in Sources */,
				1B9BCA4D2770B6610084931D /* UserProfileDetailContract.swift in Sources */,
				1B9BCA5B2771DD900084931D /* LevelsAssembly.swift in Sources */,
				1B9BCA682774BE2E0084931D /* UIView+Extension.swift in Sources */,
				3C0CAAF12768A15000810069 /* MQStandardButton.swift in Sources */,
				1B9BCA43277054BF0084931D /* UserProfilePresenter.swift in Sources */,
				1B9BCA8A27764CA50084931D /* String+Extension.swift in Sources */,
				1B9BCA712774C6030084931D /* UserDefaultsStorage.swift in Sources */,
				1B7C4751276B5FC200BFD277 /* AuthCoordinatorOutput.swift in Sources */,
				3CD0E1A8276F870F00EE255D /* LevelCollectionViewCell.swift in Sources */,
				1B71BA6727699FD50056A2FF /* SignUpAssembly.swift in Sources */,
				1B71BA6327699B290056A2FF /* SignUpPresenter.swift in Sources */,
				1B9BCA2F276F0F170084931D /* Activity.swift in Sources */,
				1B9BC9F1276E4D530084931D /* MQFont.swift in Sources */,
				1B71BA142767BE490056A2FF /* SceneDelegate.swift in Sources */,
				1B7C4792276C663C00BFD277 /* CoordinatorFactoryImp.swift in Sources */,
				1BBC5C90276DD0AB001B5F3E /* UIAlertController+Extension.swift in Sources */,
			);
			runOnlyForDeploymentPostprocessing = 0;
		};
/* End PBXSourcesBuildPhase section */

/* Begin PBXVariantGroup section */
		1B71BA1C2767BE4A0056A2FF /* LaunchScreen.storyboard */ = {
			isa = PBXVariantGroup;
			children = (
				1B71BA1D2767BE4A0056A2FF /* Base */,
			);
			name = LaunchScreen.storyboard;
			sourceTree = "<group>";
		};
/* End PBXVariantGroup section */

/* Begin XCBuildConfiguration section */
		1B71BA202767BE4A0056A2FF /* Debug */ = {
			isa = XCBuildConfiguration;
			buildSettings = {
				ALWAYS_SEARCH_USER_PATHS = NO;
				CLANG_ANALYZER_NONNULL = YES;
				CLANG_ANALYZER_NUMBER_OBJECT_CONVERSION = YES_AGGRESSIVE;
				CLANG_CXX_LANGUAGE_STANDARD = "gnu++14";
				CLANG_CXX_LIBRARY = "libc++";
				CLANG_ENABLE_MODULES = YES;
				CLANG_ENABLE_OBJC_ARC = YES;
				CLANG_ENABLE_OBJC_WEAK = YES;
				CLANG_WARN_BLOCK_CAPTURE_AUTORELEASING = YES;
				CLANG_WARN_BOOL_CONVERSION = YES;
				CLANG_WARN_COMMA = YES;
				CLANG_WARN_CONSTANT_CONVERSION = YES;
				CLANG_WARN_DEPRECATED_OBJC_IMPLEMENTATIONS = YES;
				CLANG_WARN_DIRECT_OBJC_ISA_USAGE = YES_ERROR;
				CLANG_WARN_DOCUMENTATION_COMMENTS = YES;
				CLANG_WARN_EMPTY_BODY = YES;
				CLANG_WARN_ENUM_CONVERSION = YES;
				CLANG_WARN_INFINITE_RECURSION = YES;
				CLANG_WARN_INT_CONVERSION = YES;
				CLANG_WARN_NON_LITERAL_NULL_CONVERSION = YES;
				CLANG_WARN_OBJC_IMPLICIT_RETAIN_SELF = YES;
				CLANG_WARN_OBJC_LITERAL_CONVERSION = YES;
				CLANG_WARN_OBJC_ROOT_CLASS = YES_ERROR;
				CLANG_WARN_QUOTED_INCLUDE_IN_FRAMEWORK_HEADER = YES;
				CLANG_WARN_RANGE_LOOP_ANALYSIS = YES;
				CLANG_WARN_STRICT_PROTOTYPES = YES;
				CLANG_WARN_SUSPICIOUS_MOVE = YES;
				CLANG_WARN_UNGUARDED_AVAILABILITY = YES_AGGRESSIVE;
				CLANG_WARN_UNREACHABLE_CODE = YES;
				CLANG_WARN__DUPLICATE_METHOD_MATCH = YES;
				COPY_PHASE_STRIP = NO;
				DEBUG_INFORMATION_FORMAT = dwarf;
				ENABLE_STRICT_OBJC_MSGSEND = YES;
				ENABLE_TESTABILITY = YES;
				GCC_C_LANGUAGE_STANDARD = gnu11;
				GCC_DYNAMIC_NO_PIC = NO;
				GCC_NO_COMMON_BLOCKS = YES;
				GCC_OPTIMIZATION_LEVEL = 0;
				GCC_PREPROCESSOR_DEFINITIONS = (
					"DEBUG=1",
					"$(inherited)",
				);
				GCC_WARN_64_TO_32_BIT_CONVERSION = YES;
				GCC_WARN_ABOUT_RETURN_TYPE = YES_ERROR;
				GCC_WARN_UNDECLARED_SELECTOR = YES;
				GCC_WARN_UNINITIALIZED_AUTOS = YES_AGGRESSIVE;
				GCC_WARN_UNUSED_FUNCTION = YES;
				GCC_WARN_UNUSED_VARIABLE = YES;
				IPHONEOS_DEPLOYMENT_TARGET = 13.0;
				MTL_ENABLE_DEBUG_INFO = INCLUDE_SOURCE;
				MTL_FAST_MATH = YES;
				ONLY_ACTIVE_ARCH = YES;
				SDKROOT = iphoneos;
				SWIFT_ACTIVE_COMPILATION_CONDITIONS = DEBUG;
				SWIFT_OPTIMIZATION_LEVEL = "-Onone";
			};
			name = Debug;
		};
		1B71BA212767BE4A0056A2FF /* Release */ = {
			isa = XCBuildConfiguration;
			buildSettings = {
				ALWAYS_SEARCH_USER_PATHS = NO;
				CLANG_ANALYZER_NONNULL = YES;
				CLANG_ANALYZER_NUMBER_OBJECT_CONVERSION = YES_AGGRESSIVE;
				CLANG_CXX_LANGUAGE_STANDARD = "gnu++14";
				CLANG_CXX_LIBRARY = "libc++";
				CLANG_ENABLE_MODULES = YES;
				CLANG_ENABLE_OBJC_ARC = YES;
				CLANG_ENABLE_OBJC_WEAK = YES;
				CLANG_WARN_BLOCK_CAPTURE_AUTORELEASING = YES;
				CLANG_WARN_BOOL_CONVERSION = YES;
				CLANG_WARN_COMMA = YES;
				CLANG_WARN_CONSTANT_CONVERSION = YES;
				CLANG_WARN_DEPRECATED_OBJC_IMPLEMENTATIONS = YES;
				CLANG_WARN_DIRECT_OBJC_ISA_USAGE = YES_ERROR;
				CLANG_WARN_DOCUMENTATION_COMMENTS = YES;
				CLANG_WARN_EMPTY_BODY = YES;
				CLANG_WARN_ENUM_CONVERSION = YES;
				CLANG_WARN_INFINITE_RECURSION = YES;
				CLANG_WARN_INT_CONVERSION = YES;
				CLANG_WARN_NON_LITERAL_NULL_CONVERSION = YES;
				CLANG_WARN_OBJC_IMPLICIT_RETAIN_SELF = YES;
				CLANG_WARN_OBJC_LITERAL_CONVERSION = YES;
				CLANG_WARN_OBJC_ROOT_CLASS = YES_ERROR;
				CLANG_WARN_QUOTED_INCLUDE_IN_FRAMEWORK_HEADER = YES;
				CLANG_WARN_RANGE_LOOP_ANALYSIS = YES;
				CLANG_WARN_STRICT_PROTOTYPES = YES;
				CLANG_WARN_SUSPICIOUS_MOVE = YES;
				CLANG_WARN_UNGUARDED_AVAILABILITY = YES_AGGRESSIVE;
				CLANG_WARN_UNREACHABLE_CODE = YES;
				CLANG_WARN__DUPLICATE_METHOD_MATCH = YES;
				COPY_PHASE_STRIP = NO;
				DEBUG_INFORMATION_FORMAT = "dwarf-with-dsym";
				ENABLE_NS_ASSERTIONS = NO;
				ENABLE_STRICT_OBJC_MSGSEND = YES;
				GCC_C_LANGUAGE_STANDARD = gnu11;
				GCC_NO_COMMON_BLOCKS = YES;
				GCC_WARN_64_TO_32_BIT_CONVERSION = YES;
				GCC_WARN_ABOUT_RETURN_TYPE = YES_ERROR;
				GCC_WARN_UNDECLARED_SELECTOR = YES;
				GCC_WARN_UNINITIALIZED_AUTOS = YES_AGGRESSIVE;
				GCC_WARN_UNUSED_FUNCTION = YES;
				GCC_WARN_UNUSED_VARIABLE = YES;
				IPHONEOS_DEPLOYMENT_TARGET = 13.0;
				MTL_ENABLE_DEBUG_INFO = NO;
				MTL_FAST_MATH = YES;
				SDKROOT = iphoneos;
				SWIFT_COMPILATION_MODE = wholemodule;
				SWIFT_OPTIMIZATION_LEVEL = "-O";
				VALIDATE_PRODUCT = YES;
			};
			name = Release;
		};
		1B71BA232767BE4A0056A2FF /* Debug */ = {
			isa = XCBuildConfiguration;
			baseConfigurationReference = A3992DCAA111BE9734DDE7C7 /* Pods-MathsQuiz.debug.xcconfig */;
			buildSettings = {
				ASSETCATALOG_COMPILER_APPICON_NAME = AppIcon;
				ASSETCATALOG_COMPILER_GLOBAL_ACCENT_COLOR_NAME = AccentColor;
				CODE_SIGN_STYLE = Automatic;
				DEVELOPMENT_TEAM = DQ48S8SUS4;
				INFOPLIST_FILE = MathsQuiz/App/Info.plist;
				IPHONEOS_DEPLOYMENT_TARGET = 13.0;
				LD_RUNPATH_SEARCH_PATHS = (
					"$(inherited)",
					"@executable_path/Frameworks",
				);
				PRODUCT_BUNDLE_IDENTIFIER = ru.50.FominAlexander.MathsQuiz;
				PRODUCT_NAME = "$(TARGET_NAME)";
				SWIFT_VERSION = 5.0;
				TARGETED_DEVICE_FAMILY = "1,2";
			};
			name = Debug;
		};
		1B71BA242767BE4A0056A2FF /* Release */ = {
			isa = XCBuildConfiguration;
			baseConfigurationReference = FC1C8FE18974E344404A13F0 /* Pods-MathsQuiz.release.xcconfig */;
			buildSettings = {
				ASSETCATALOG_COMPILER_APPICON_NAME = AppIcon;
				ASSETCATALOG_COMPILER_GLOBAL_ACCENT_COLOR_NAME = AccentColor;
				CODE_SIGN_STYLE = Automatic;
				DEVELOPMENT_TEAM = DQ48S8SUS4;
				INFOPLIST_FILE = MathsQuiz/App/Info.plist;
				IPHONEOS_DEPLOYMENT_TARGET = 13.0;
				LD_RUNPATH_SEARCH_PATHS = (
					"$(inherited)",
					"@executable_path/Frameworks",
				);
				PRODUCT_BUNDLE_IDENTIFIER = ru.50.FominAlexander.MathsQuiz;
				PRODUCT_NAME = "$(TARGET_NAME)";
				SWIFT_VERSION = 5.0;
				TARGETED_DEVICE_FAMILY = "1,2";
			};
			name = Release;
		};
/* End XCBuildConfiguration section */

/* Begin XCConfigurationList section */
		1B71BA092767BE490056A2FF /* Build configuration list for PBXProject "MathsQuiz" */ = {
			isa = XCConfigurationList;
			buildConfigurations = (
				1B71BA202767BE4A0056A2FF /* Debug */,
				1B71BA212767BE4A0056A2FF /* Release */,
			);
			defaultConfigurationIsVisible = 0;
			defaultConfigurationName = Release;
		};
		1B71BA222767BE4A0056A2FF /* Build configuration list for PBXNativeTarget "MathsQuiz" */ = {
			isa = XCConfigurationList;
			buildConfigurations = (
				1B71BA232767BE4A0056A2FF /* Debug */,
				1B71BA242767BE4A0056A2FF /* Release */,
			);
			defaultConfigurationIsVisible = 0;
			defaultConfigurationName = Release;
		};
/* End XCConfigurationList section */

/* Begin XCRemoteSwiftPackageReference section */
		1BBC5C80276DB547001B5F3E /* XCRemoteSwiftPackageReference "firebase-ios-sdk" */ = {
			isa = XCRemoteSwiftPackageReference;
			repositoryURL = "https://github.com/firebase/firebase-ios-sdk";
			requirement = {
				kind = upToNextMajorVersion;
				minimumVersion = 8.10.0;
			};
		};
/* End XCRemoteSwiftPackageReference section */

/* Begin XCSwiftPackageProductDependency section */
		1B9BCA7D2775912C0084931D /* FirebaseFirestore */ = {
			isa = XCSwiftPackageProductDependency;
			package = 1BBC5C80276DB547001B5F3E /* XCRemoteSwiftPackageReference "firebase-ios-sdk" */;
			productName = FirebaseFirestore;
		};
		1B9BCA7F277591730084931D /* FirebaseFirestoreSwift-Beta */ = {
			isa = XCSwiftPackageProductDependency;
			package = 1BBC5C80276DB547001B5F3E /* XCRemoteSwiftPackageReference "firebase-ios-sdk" */;
			productName = "FirebaseFirestoreSwift-Beta";
		};
		1BBC5C81276DB547001B5F3E /* FirebaseAuth */ = {
			isa = XCSwiftPackageProductDependency;
			package = 1BBC5C80276DB547001B5F3E /* XCRemoteSwiftPackageReference "firebase-ios-sdk" */;
			productName = FirebaseAuth;
		};
/* End XCSwiftPackageProductDependency section */
	};
	rootObject = 1B71BA062767BE490056A2FF /* Project object */;
}
